tideland.dev/go/audit v0.4.0 h1:OsgeFvmcx9a+GrwjJawRYbQ+qiLcxSkHJ3j9zDzhOMY=
tideland.dev/go/audit v0.4.0/go.mod h1:iVQWp3A7czp2I4eH9nHERMMqljQRuwqTKuEzxoj9crI=
tideland.dev/go/trace v0.3.0 h1:wp6i/r0I2DFLlM+yJid+7qcE9/msYk/orUC8yTye2RA=
tideland.dev/go/trace v0.3.0/go.mod h1:pHdg+nMRNyIVXEA/1Xf5UX8Od51KHk8QNCIw1m3kYrM=
